
Microsoft Visual Studio Solution File, Format Version 12.00
# Visual Studio 14
VisualStudioVersion = 14.0.23107.0
MinimumVisualStudioVersion = 10.0.40219.1
Project("{888888A0-9F3D-457C-B088-3A5042F75D52}") = "Insertion_Sort_Project", "Insertion_Sort_Project\Insertion_Sort_Project.pyproj", "{BBA068A9-2801-4DC9-B9C7-38C8CC7EE1AA}"
EndProject
Global
	GlobalSection(SolutionConfigurationPlatforms) = preSolution
		Debug|Any CPU = Debug|Any CPU
		Release|Any CPU = Release|Any CPU
	EndGlobalSection
	GlobalSection(ProjectConfigurationPlatforms) = postSolution
		{BBA068A9-2801-4DC9-B9C7-38C8CC7EE1AA}.Debug|Any CPU.ActiveCfg = Debug|Any CPU
		{BBA068A9-2801-4DC9-B9C7-38C8CC7EE1AA}.Release|Any CPU.ActiveCfg = Release|Any CPU
	EndGlobalSection
	GlobalSection(SolutionProperties) = preSolution
		HideSolutionNode = FALSE
	EndGlobalSection
EndGlobal
