
Microsoft Visual Studio Solution File, Format Version 12.00
# Visual Studio 14
VisualStudioVersion = 14.0.23107.0
MinimumVisualStudioVersion = 10.0.40219.1
Project("{888888A0-9F3D-457C-B088-3A5042F75D52}") = "BinarySearchProgram2", "BinarySearchProgram2\BinarySearchProgram2.pyproj", "{103D4B7E-FA98-40A0-9B8C-3B5C54464AC9}"
EndProject
Global
	GlobalSection(SolutionConfigurationPlatforms) = preSolution
		Debug|Any CPU = Debug|Any CPU
		Release|Any CPU = Release|Any CPU
	EndGlobalSection
	GlobalSection(ProjectConfigurationPlatforms) = postSolution
		{103D4B7E-FA98-40A0-9B8C-3B5C54464AC9}.Debug|Any CPU.ActiveCfg = Debug|Any CPU
		{103D4B7E-FA98-40A0-9B8C-3B5C54464AC9}.Release|Any CPU.ActiveCfg = Release|Any CPU
	EndGlobalSection
	GlobalSection(SolutionProperties) = preSolution
		HideSolutionNode = FALSE
	EndGlobalSection
EndGlobal
